
Microsoft Visual Studio Solution File, Format Version 12.00
# Visual Studio Version 17
VisualStudioVersion = 17.3.32825.248
MinimumVisualStudioVersion = 10.0.40219.1
Project("{FAE04EC0-301F-11D3-BF4B-00C04F79EFBC}") = "GPSPOIpontok", "GPSPOIpontok.csproj", "{C84F3BC9-80C1-4AA9-B255-08EB989AA5C0}"
EndProject
Global
	GlobalSection(SolutionConfigurationPlatforms) = preSolution
		Debug|Any CPU = Debug|Any CPU
		Release|Any CPU = Release|Any CPU
	EndGlobalSection
	GlobalSection(ProjectConfigurationPlatforms) = postSolution
		{C84F3BC9-80C1-4AA9-B255-08EB989AA5C0}.Debug|Any CPU.ActiveCfg = Debug|Any CPU
		{C84F3BC9-80C1-4AA9-B255-08EB989AA5C0}.Debug|Any CPU.Build.0 = Debug|Any CPU
		{C84F3BC9-80C1-4AA9-B255-08EB989AA5C0}.Release|Any CPU.ActiveCfg = Release|Any CPU
		{C84F3BC9-80C1-4AA9-B255-08EB989AA5C0}.Release|Any CPU.Build.0 = Release|Any CPU
	EndGlobalSection
	GlobalSection(SolutionProperties) = preSolution
		HideSolutionNode = FALSE
	EndGlobalSection
	GlobalSection(ExtensibilityGlobals) = postSolution
		SolutionGuid = {8060984B-C26E-4839-A0CB-596224C19EA4}
	EndGlobalSection
EndGlobal
